
Microsoft Visual Studio Solution File, Format Version 12.00
# Visual Studio 15
VisualStudioVersion = 15.0.26730.16
MinimumVisualStudioVersion = 10.0.40219.1
Project("{FAE04EC0-301F-11D3-BF4B-00C04F79EFBC}") = "IMSDriftTimeAligner", "IMSDriftTimeAligner.csproj", "{3CF3678F-CDA4-4916-B719-57AFF34F1DEA}"
EndProject
Global
	GlobalSection(SolutionConfigurationPlatforms) = preSolution
		Debug|Any CPU = Debug|Any CPU
		Release|Any CPU = Release|Any CPU
	EndGlobalSection
	GlobalSection(ProjectConfigurationPlatforms) = postSolution
		{3CF3678F-CDA4-4916-B719-57AFF34F1DEA}.Debug|Any CPU.ActiveCfg = Debug|Any CPU
		{3CF3678F-CDA4-4916-B719-57AFF34F1DEA}.Debug|Any CPU.Build.0 = Debug|Any CPU
		{3CF3678F-CDA4-4916-B719-57AFF34F1DEA}.Release|Any CPU.ActiveCfg = Release|Any CPU
		{3CF3678F-CDA4-4916-B719-57AFF34F1DEA}.Release|Any CPU.Build.0 = Release|Any CPU
	EndGlobalSection
	GlobalSection(SolutionProperties) = preSolution
		HideSolutionNode = FALSE
	EndGlobalSection
	GlobalSection(ExtensibilityGlobals) = postSolution
		SolutionGuid = {AE866A87-B951-4012-9450-2221607A148E}
	EndGlobalSection
EndGlobal
